
Microsoft Visual Studio Solution File, Format Version 12.00
# Visual Studio 15
VisualStudioVersion = 15.0.28307.1209
MinimumVisualStudioVersion = 10.0.40219.1
Project("{FAE04EC0-301F-11D3-BF4B-00C04F79EFBC}") = "RegraD3", "RegraD3\RegraD3.csproj", "{4EA60B2C-ABB0-455D-868A-F3AB1655A2C4}"
EndProject
Global
	GlobalSection(SolutionConfigurationPlatforms) = preSolution
		Debug|Any CPU = Debug|Any CPU
		Release|Any CPU = Release|Any CPU
	EndGlobalSection
	GlobalSection(ProjectConfigurationPlatforms) = postSolution
		{4EA60B2C-ABB0-455D-868A-F3AB1655A2C4}.Debug|Any CPU.ActiveCfg = Debug|Any CPU
		{4EA60B2C-ABB0-455D-868A-F3AB1655A2C4}.Debug|Any CPU.Build.0 = Debug|Any CPU
		{4EA60B2C-ABB0-455D-868A-F3AB1655A2C4}.Release|Any CPU.ActiveCfg = Release|Any CPU
		{4EA60B2C-ABB0-455D-868A-F3AB1655A2C4}.Release|Any CPU.Build.0 = Release|Any CPU
	EndGlobalSection
	GlobalSection(SolutionProperties) = preSolution
		HideSolutionNode = FALSE
	EndGlobalSection
	GlobalSection(ExtensibilityGlobals) = postSolution
		SolutionGuid = {64A4DD01-9742-4A13-A486-0BBEB7ED0AA3}
	EndGlobalSection
EndGlobal
